<?xml version="1.0" encoding="UTF-8" standalone="yes" ?>
<CodeBlocks_project_file>
	<FileVersion major="1" minor="6" />
	<Project>
		<Option title="SDL_project" />
		<Option pch_mode="2" />
		<Option compiler="gcc" />
		<Build>
			<Target title="Debug">
				<Option output="bin/Debug/SDL_project" prefix_auto="1" extension_auto="1" />
				<Option object_output="obj/Debug/" />
				<Option type="1" />
				<Option compiler="gcc" />
				<Compiler>
					<Add option="-g" />
					<Add directory="../SDL2-2.28.5/x86_64-w64-mingw32/include" />
					<Add directory="../SDL2_image-2.8.2/x86_64-w64-mingw32/include" />
					<Add directory="../SDL2_mixer-2.8.0/x86_64-w64-mingw32/include" />
					<Add directory="../SDL2_ttf-2.22.0/x86_64-w64-mingw32/include" />
				</Compiler>
				<Linker>
					<Add option="-lmingw32 -lSDL2main -lSDL2 -lSDL2_image" />
					<Add option="-lSDL2_ttf -lSDL2_mixer" />
					<Add directory="../SDL2-2.28.5/x86_64-w64-mingw32/lib" />
					<Add directory="../SDL2_image-2.8.2/x86_64-w64-mingw32/lib" />
					<Add directory="../SDL2_mixer-2.8.0/x86_64-w64-mingw32/lib" />
					<Add directory="../SDL2_ttf-2.22.0/x86_64-w64-mingw32/lib" />
				</Linker>
			</Target>
			<Target title="Release">
				<Option output="bin/Release/SDL_project" prefix_auto="1" extension_auto="1" />
				<Option object_output="obj/Release/" />
				<Option type="1" />
				<Option compiler="gcc" />
				<Compiler>
					<Add option="-O2" />
				</Compiler>
				<Linker>
					<Add option="-s" />
				</Linker>
			</Target>
		</Build>
		<Compiler>
			<Add option="-Wall" />
			<Add directory="../SDL2-2.28.5/x86_64-w64-mingw32/include/SDL2" />
			<Add directory="../SDL2_image-2.8.2/x86_64-w64-mingw32/include/SDL2" />
			<Add directory="../SDL2_mixer-2.8.0/x86_64-w64-mingw32/include/SDL2" />
			<Add directory="../SDL2_ttf-2.22.0/x86_64-w64-mingw32/include/SDL2" />
		</Compiler>
		<Linker>
			<Add option="-lmingw32 -lSDL2main -lSDL2 -lSDL2_image" />
			<Add option="-lSDL2_ttf -lSDL2_mixer" />
			<Add directory="../SDL2_image-2.8.2/x86_64-w64-mingw32/lib" />
			<Add directory="../SDL2-2.28.5/x86_64-w64-mingw32/lib" />
			<Add directory="../SDL2_mixer-2.8.0/x86_64-w64-mingw32/lib" />
			<Add directory="../SDL2_ttf-2.22.0/x86_64-w64-mingw32/lib" />
		</Linker>
		<Unit filename="Source_code/BallState.cpp" />
		<Unit filename="Source_code/BallState.h" />
		<Unit filename="Source_code/Ball_background.cpp" />
		<Unit filename="Source_code/Ball_background.h" />
		<Unit filename="Source_code/EndState.cpp" />
		<Unit filename="Source_code/EndState.h" />
		<Unit filename="Source_code/GameObject.cpp" />
		<Unit filename="Source_code/GameObject.h" />
		<Unit filename="Source_code/GameState.cpp" />
		<Unit filename="Source_code/GameState.h" />
		<Unit filename="Source_code/GameStateMachine.cpp" />
		<Unit filename="Source_code/GameStateMachine.h" />
		<Unit filename="Source_code/Gun_specification.cpp" />
		<Unit filename="Source_code/Gun_specification.h" />
		<Unit filename="Source_code/HistoryState.cpp" />
		<Unit filename="Source_code/HistoryState.h" />
		<Unit filename="Source_code/IT.cpp" />
		<Unit filename="Source_code/IT.h" />
		<Unit filename="Source_code/InputHandle.cpp" />
		<Unit filename="Source_code/InputHandle.h" />
		<Unit filename="Source_code/InstructionState.cpp" />
		<Unit filename="Source_code/InstructionState.h" />
		<Unit filename="Source_code/LoaderParam.cpp" />
		<Unit filename="Source_code/LoaderParam.h" />
		<Unit filename="Source_code/MenuButton.cpp" />
		<Unit filename="Source_code/MenuButton.h" />
		<Unit filename="Source_code/MenuState.cpp" />
		<Unit filename="Source_code/MenuState.h" />
		<Unit filename="Source_code/PlayState.cpp" />
		<Unit filename="Source_code/PlayState.h" />
		<Unit filename="Source_code/SDLGameObject.cpp" />
		<Unit filename="Source_code/SDLGameObject.h" />
		<Unit filename="Source_code/SettingState.cpp" />
		<Unit filename="Source_code/SettingState.h" />
		<Unit filename="Source_code/SoundManager.cpp" />
		<Unit filename="Source_code/SoundManager.h" />
		<Unit filename="Source_code/Text_and_Number.cpp" />
		<Unit filename="Source_code/Text_and_Number.h" />
		<Unit filename="Source_code/TextureManager.cpp" />
		<Unit filename="Source_code/TextureManager.h" />
		<Unit filename="Source_code/Vector2D.cpp" />
		<Unit filename="Source_code/Vector2D.h" />
		<Unit filename="Source_code/background.cpp" />
		<Unit filename="Source_code/background.h" />
		<Unit filename="Source_code/ball.cpp" />
		<Unit filename="Source_code/ball.h" />
		<Unit filename="Source_code/bot.cpp" />
		<Unit filename="Source_code/bot.h" />
		<Unit filename="Source_code/crosshair.cpp" />
		<Unit filename="Source_code/crosshair.h" />
		<Unit filename="Source_code/game.cpp" />
		<Unit filename="Source_code/game.h" />
		<Unit filename="Source_code/gun.cpp" />
		<Unit filename="Source_code/gun.h" />
		<Unit filename="Source_code/main.cpp" />
		<Unit filename="Source_code/play_background.cpp" />
		<Unit filename="Source_code/play_background.h" />
		<Unit filename="Source_code/player.cpp" />
		<Unit filename="Source_code/player.h" />
		<Extensions>
			<lib_finder disable_auto="1" />
		</Extensions>
	</Project>
</CodeBlocks_project_file>
